# THIS IS AN AUTOGENERATED FILE. DO NOT EDIT THIS FILE DIRECTLY.
# yarn lockfile v1


prettier@^2.0.5:
  version "2.1.0"
  resolved "https://registry.npm.taobao.org/prettier/download/prettier-2.1.0.tgz?cache=0&sync_timestamp=1598266706871&other_urls=https%3A%2F%2Fregistry.npm.taobao.org%2Fprettier%2Fdownload%2Fprettier-2.1.0.tgz#5a9789f767a243118c60f3e56d95cb6544914fbb"
  integrity sha1-WpeJ92eiQxGMYPPlbZXLZUSRT7s=

universal-diff@^2.0.2:
  version "2.0.2"
  resolved "https://registry.npm.taobao.org/universal-diff/download/universal-diff-2.0.2.tgz#d1477f53b314613d6835716746cf4ec113127a1e"
  integrity sha1-0Ud/U7MUYT1oNXFnRs9OwRMSeh4=
